
Microsoft Visual Studio Solution File, Format Version 12.00
# Visual Studio 15
VisualStudioVersion = 15.0.28307.136
MinimumVisualStudioVersion = 10.0.40219.1
Project("{FAE04EC0-301F-11D3-BF4B-00C04F79EFBC}") = "HCL.DTO", "HCL.DTO\HCL.DTO.csproj", "{0A007301-611A-4A25-A026-D93EE5B4322D}"
EndProject
Project("{FAE04EC0-301F-11D3-BF4B-00C04F79EFBC}") = "HCL.DAL", "HCL.DAL\HCL.DAL.csproj", "{797713F0-7D5C-4629-90C9-049E5A4FC565}"
EndProject
Project("{FAE04EC0-301F-11D3-BF4B-00C04F79EFBC}") = "HCL.BL", "HCL.BL\HCL.BL.csproj", "{1306DF0C-412C-4895-9808-1AA393EDBCF3}"
EndProject
Project("{FAE04EC0-301F-11D3-BF4B-00C04F79EFBC}") = "HCL.API", "HCL.API\HCL.API.csproj", "{827602FA-5C6E-49BF-A100-B6184267FAB0}"
EndProject
Project("{9A19103F-16F7-4668-BE54-9A1E7A4F7556}") = "UserUI", "UserUI\UserUI.csproj", "{4DF68C81-D7EA-4C3C-BD60-576E2A94DA87}"
EndProject
Project("{FAE04EC0-301F-11D3-BF4B-00C04F79EFBC}") = "HCL.Tests", "HCL.Tests\HCL.Tests.csproj", "{FE107CD3-83F8-42BB-80D7-7BFE7ACD53C0}"
EndProject
Global
	GlobalSection(SolutionConfigurationPlatforms) = preSolution
		Debug|Any CPU = Debug|Any CPU
		Release|Any CPU = Release|Any CPU
	EndGlobalSection
	GlobalSection(ProjectConfigurationPlatforms) = postSolution
		{0A007301-611A-4A25-A026-D93EE5B4322D}.Debug|Any CPU.ActiveCfg = Debug|Any CPU
		{0A007301-611A-4A25-A026-D93EE5B4322D}.Debug|Any CPU.Build.0 = Debug|Any CPU
		{0A007301-611A-4A25-A026-D93EE5B4322D}.Release|Any CPU.ActiveCfg = Release|Any CPU
		{0A007301-611A-4A25-A026-D93EE5B4322D}.Release|Any CPU.Build.0 = Release|Any CPU
		{797713F0-7D5C-4629-90C9-049E5A4FC565}.Debug|Any CPU.ActiveCfg = Debug|Any CPU
		{797713F0-7D5C-4629-90C9-049E5A4FC565}.Debug|Any CPU.Build.0 = Debug|Any CPU
		{797713F0-7D5C-4629-90C9-049E5A4FC565}.Release|Any CPU.ActiveCfg = Release|Any CPU
		{797713F0-7D5C-4629-90C9-049E5A4FC565}.Release|Any CPU.Build.0 = Release|Any CPU
		{1306DF0C-412C-4895-9808-1AA393EDBCF3}.Debug|Any CPU.ActiveCfg = Debug|Any CPU
		{1306DF0C-412C-4895-9808-1AA393EDBCF3}.Debug|Any CPU.Build.0 = Debug|Any CPU
		{1306DF0C-412C-4895-9808-1AA393EDBCF3}.Release|Any CPU.ActiveCfg = Release|Any CPU
		{1306DF0C-412C-4895-9808-1AA393EDBCF3}.Release|Any CPU.Build.0 = Release|Any CPU
		{827602FA-5C6E-49BF-A100-B6184267FAB0}.Debug|Any CPU.ActiveCfg = Debug|Any CPU
		{827602FA-5C6E-49BF-A100-B6184267FAB0}.Debug|Any CPU.Build.0 = Debug|Any CPU
		{827602FA-5C6E-49BF-A100-B6184267FAB0}.Release|Any CPU.ActiveCfg = Release|Any CPU
		{827602FA-5C6E-49BF-A100-B6184267FAB0}.Release|Any CPU.Build.0 = Release|Any CPU
		{4DF68C81-D7EA-4C3C-BD60-576E2A94DA87}.Debug|Any CPU.ActiveCfg = Debug|Any CPU
		{4DF68C81-D7EA-4C3C-BD60-576E2A94DA87}.Debug|Any CPU.Build.0 = Debug|Any CPU
		{4DF68C81-D7EA-4C3C-BD60-576E2A94DA87}.Release|Any CPU.ActiveCfg = Release|Any CPU
		{4DF68C81-D7EA-4C3C-BD60-576E2A94DA87}.Release|Any CPU.Build.0 = Release|Any CPU
		{FE107CD3-83F8-42BB-80D7-7BFE7ACD53C0}.Debug|Any CPU.ActiveCfg = Debug|Any CPU
		{FE107CD3-83F8-42BB-80D7-7BFE7ACD53C0}.Debug|Any CPU.Build.0 = Debug|Any CPU
		{FE107CD3-83F8-42BB-80D7-7BFE7ACD53C0}.Release|Any CPU.ActiveCfg = Release|Any CPU
		{FE107CD3-83F8-42BB-80D7-7BFE7ACD53C0}.Release|Any CPU.Build.0 = Release|Any CPU
	EndGlobalSection
	GlobalSection(SolutionProperties) = preSolution
		HideSolutionNode = FALSE
	EndGlobalSection
	GlobalSection(ExtensibilityGlobals) = postSolution
		SolutionGuid = {D7B22176-3662-45E7-A7EB-34C4D120CF48}
	EndGlobalSection
EndGlobal
